
Microsoft Visual Studio Solution File, Format Version 12.00
# Visual Studio 14
VisualStudioVersion = 14.0.25420.1
MinimumVisualStudioVersion = 10.0.40219.1
Project("{CC5FD16D-436D-48AD-A40C-5A424C6E3E79}") = "fastDyn", "fastDyn\fastDyn.ccproj", "{9990DAEF-4D5B-45FD-991C-D8C4026BB9D1}"
EndProject
Project("{FAE04EC0-301F-11D3-BF4B-00C04F79EFBC}") = "WebRole1", "WebRole1\WebRole1.csproj", "{5CC09DB4-5250-4E23-9965-FCBEFD5D00C3}"
EndProject
Project("{FAE04EC0-301F-11D3-BF4B-00C04F79EFBC}") = "WebRole1.Tests", "WebRole1.Tests\WebRole1.Tests.csproj", "{44C2031B-4963-444E-8615-CA18E54757F0}"
EndProject
Global
	GlobalSection(SolutionConfigurationPlatforms) = preSolution
		Debug|Any CPU = Debug|Any CPU
		Release|Any CPU = Release|Any CPU
	EndGlobalSection
	GlobalSection(ProjectConfigurationPlatforms) = postSolution
		{9990DAEF-4D5B-45FD-991C-D8C4026BB9D1}.Debug|Any CPU.ActiveCfg = Debug|Any CPU
		{9990DAEF-4D5B-45FD-991C-D8C4026BB9D1}.Debug|Any CPU.Build.0 = Debug|Any CPU
		{9990DAEF-4D5B-45FD-991C-D8C4026BB9D1}.Release|Any CPU.ActiveCfg = Release|Any CPU
		{9990DAEF-4D5B-45FD-991C-D8C4026BB9D1}.Release|Any CPU.Build.0 = Release|Any CPU
		{5CC09DB4-5250-4E23-9965-FCBEFD5D00C3}.Debug|Any CPU.ActiveCfg = Debug|Any CPU
		{5CC09DB4-5250-4E23-9965-FCBEFD5D00C3}.Debug|Any CPU.Build.0 = Debug|Any CPU
		{5CC09DB4-5250-4E23-9965-FCBEFD5D00C3}.Release|Any CPU.ActiveCfg = Release|Any CPU
		{5CC09DB4-5250-4E23-9965-FCBEFD5D00C3}.Release|Any CPU.Build.0 = Release|Any CPU
		{44C2031B-4963-444E-8615-CA18E54757F0}.Debug|Any CPU.ActiveCfg = Debug|Any CPU
		{44C2031B-4963-444E-8615-CA18E54757F0}.Debug|Any CPU.Build.0 = Debug|Any CPU
		{44C2031B-4963-444E-8615-CA18E54757F0}.Release|Any CPU.ActiveCfg = Release|Any CPU
		{44C2031B-4963-444E-8615-CA18E54757F0}.Release|Any CPU.Build.0 = Release|Any CPU
	EndGlobalSection
	GlobalSection(SolutionProperties) = preSolution
		HideSolutionNode = FALSE
	EndGlobalSection
EndGlobal
